
Microsoft Visual Studio Solution File, Format Version 12.00
# Visual Studio 15
VisualStudioVersion = 15.0.27703.2035
MinimumVisualStudioVersion = 10.0.40219.1
Project("{9A19103F-16F7-4668-BE54-9A1E7A4F7556}") = "WebApplication5", "WebApplication5.csproj", "{2B3421B2-FEE1-4F6C-B2E8-7D3A28FEF7DF}"
EndProject
Global
	GlobalSection(SolutionConfigurationPlatforms) = preSolution
		Debug|Any CPU = Debug|Any CPU
		Release|Any CPU = Release|Any CPU
	EndGlobalSection
	GlobalSection(ProjectConfigurationPlatforms) = postSolution
		{2B3421B2-FEE1-4F6C-B2E8-7D3A28FEF7DF}.Debug|Any CPU.ActiveCfg = Debug|Any CPU
		{2B3421B2-FEE1-4F6C-B2E8-7D3A28FEF7DF}.Debug|Any CPU.Build.0 = Debug|Any CPU
		{2B3421B2-FEE1-4F6C-B2E8-7D3A28FEF7DF}.Release|Any CPU.ActiveCfg = Release|Any CPU
		{2B3421B2-FEE1-4F6C-B2E8-7D3A28FEF7DF}.Release|Any CPU.Build.0 = Release|Any CPU
	EndGlobalSection
	GlobalSection(SolutionProperties) = preSolution
		HideSolutionNode = FALSE
	EndGlobalSection
	GlobalSection(ExtensibilityGlobals) = postSolution
		SolutionGuid = {F74B327D-73E2-4DC0-A9F6-DD8978D34889}
	EndGlobalSection
EndGlobal
